{
  "name": "FastKeyboardWindowSwitcher",
  "lockfileVersion": 2,
  "requires": true,
  "packages": {
    "": {
      "dependencies": {
        "biga.ahk": "^0.56.0",
        "json.ahk": "^0.1.0"
      }
    },
    "node_modules/biga.ahk": {
      "version": "0.56.0",
      "resolved": "https://registry.npmjs.org/biga.ahk/-/biga.ahk-0.56.0.tgz",
      "integrity": "sha512-XYgdcJcrl0w3x4U0WpbOfOAerEIAYqkZsFsBmQ/ZB1seRhha18zHCAZtpxHpiiSLYVA4oMWqNEZiz47rBaxh+A=="
    },
    "node_modules/json.ahk": {
      "version": "0.1.0",
      "resolved": "https://registry.npmjs.org/json.ahk/-/json.ahk-0.1.0.tgz",
      "integrity": "sha512-hX1uwJq1frikonvtDSY91ufNMzcdwyvCjGqJ8gh/EpyUe4AYx5fuZrFU/3oFuXvNg1D74w6mgMdA4CP2akwsDw=="
    }
  },
  "dependencies": {
    "biga.ahk": {
      "version": "0.56.0",
      "resolved": "https://registry.npmjs.org/biga.ahk/-/biga.ahk-0.56.0.tgz",
      "integrity": "sha512-XYgdcJcrl0w3x4U0WpbOfOAerEIAYqkZsFsBmQ/ZB1seRhha18zHCAZtpxHpiiSLYVA4oMWqNEZiz47rBaxh+A=="
    },
    "json.ahk": {
      "version": "0.1.0",
      "resolved": "https://registry.npmjs.org/json.ahk/-/json.ahk-0.1.0.tgz",
      "integrity": "sha512-hX1uwJq1frikonvtDSY91ufNMzcdwyvCjGqJ8gh/EpyUe4AYx5fuZrFU/3oFuXvNg1D74w6mgMdA4CP2akwsDw=="
    }
  }
}
