{
  "name": "iSwitch",
  "lockfileVersion": 2,
  "requires": true,
  "packages": {
    "": {
      "dependencies": {
        "biga.ahk": "^0.56.0"
      }
    },
    "node_modules/biga.ahk": {
      "version": "0.56.0",
      "resolved": "https://registry.npmjs.org/biga.ahk/-/biga.ahk-0.56.0.tgz",
      "integrity": "sha512-XYgdcJcrl0w3x4U0WpbOfOAerEIAYqkZsFsBmQ/ZB1seRhha18zHCAZtpxHpiiSLYVA4oMWqNEZiz47rBaxh+A=="
    }
  },
  "dependencies": {
    "biga.ahk": {
      "version": "0.56.0",
      "resolved": "https://registry.npmjs.org/biga.ahk/-/biga.ahk-0.56.0.tgz",
      "integrity": "sha512-XYgdcJcrl0w3x4U0WpbOfOAerEIAYqkZsFsBmQ/ZB1seRhha18zHCAZtpxHpiiSLYVA4oMWqNEZiz47rBaxh+A=="
    }
  }
}
